// !$*UTF8*$!
{
	archiveVersion = 1;
	classes = {
	};
	objectVersion = 50;
	objects = {

/* Begin PBXBuildFile section */
		1E31A4A4408FF8449802BE06 /* Pods_NRContacts.framework in Frameworks */ = {isa = PBXBuildFile; fileRef = 8256F4B2B841CD2C04CE878E /* Pods_NRContacts.framework */; };
		BC26D86627A29CA70020602D /* Extensions.swift in Sources */ = {isa = PBXBuildFile; fileRef = BC26D86527A29CA70020602D /* Extensions.swift */; };
		BC26D86927A2DC3B0020602D /* NRButton.swift in Sources */ = {isa = PBXBuildFile; fileRef = BC26D86827A2DC3B0020602D /* NRButton.swift */; };
		BC26D86D27A2E29A0020602D /* NRStackView.swift in Sources */ = {isa = PBXBuildFile; fileRef = BC26D86C27A2E29A0020602D /* NRStackView.swift */; };
		BC26D87227A34FF50020602D /* LocationPopUpViewController.swift in Sources */ = {isa = PBXBuildFile; fileRef = BC26D87127A34FF50020602D /* LocationPopUpViewController.swift */; };
		BC38EB4527A1564D0072A510 /* AppDelegate.swift in Sources */ = {isa = PBXBuildFile; fileRef = BC38EB4427A1564D0072A510 /* AppDelegate.swift */; };
		BC38EB4727A1564D0072A510 /* SceneDelegate.swift in Sources */ = {isa = PBXBuildFile; fileRef = BC38EB4627A1564D0072A510 /* SceneDelegate.swift */; };
		BC38EB4927A1564D0072A510 /* ContactsViewController.swift in Sources */ = {isa = PBXBuildFile; fileRef = BC38EB4827A1564D0072A510 /* ContactsViewController.swift */; };
		BC38EB4E27A156500072A510 /* Assets.xcassets in Resources */ = {isa = PBXBuildFile; fileRef = BC38EB4D27A156500072A510 /* Assets.xcassets */; };
		BC38EB5127A156500072A510 /* LaunchScreen.storyboard in Resources */ = {isa = PBXBuildFile; fileRef = BC38EB4F27A156500072A510 /* LaunchScreen.storyboard */; };
		BC38EB6127A1C2A70072A510 /* ContactTableViewCell.swift in Sources */ = {isa = PBXBuildFile; fileRef = BC38EB6027A1C2A70072A510 /* ContactTableViewCell.swift */; };
		BC38EB6527A1DDBD0072A510 /* NRLabel.swift in Sources */ = {isa = PBXBuildFile; fileRef = BC38EB6427A1DDBD0072A510 /* NRLabel.swift */; };
		BC38EB6C27A1E73E0072A510 /* NRImageView.swift in Sources */ = {isa = PBXBuildFile; fileRef = BC38EB6B27A1E73E0072A510 /* NRImageView.swift */; };
		BC38EB6F27A1F1770072A510 /* ContactsViewModel.swift in Sources */ = {isa = PBXBuildFile; fileRef = BC38EB6E27A1F1770072A510 /* ContactsViewModel.swift */; };
		BC38EB7427A1F47D0072A510 /* NRNavigationController.swift in Sources */ = {isa = PBXBuildFile; fileRef = BC38EB7327A1F47D0072A510 /* NRNavigationController.swift */; };
		BC38EB7727A1F5D20072A510 /* DataManager.swift in Sources */ = {isa = PBXBuildFile; fileRef = BC38EB7627A1F5D20072A510 /* DataManager.swift */; };
		BC38EB7A27A1F8F30072A510 /* ContactModel.swift in Sources */ = {isa = PBXBuildFile; fileRef = BC38EB7927A1F8F30072A510 /* ContactModel.swift */; };
		BC38EB8427A2001F0072A510 /* Constants.swift in Sources */ = {isa = PBXBuildFile; fileRef = BC38EB8327A2001F0072A510 /* Constants.swift */; };
/* End PBXBuildFile section */

/* Begin PBXFileReference section */
		639FF6861740837857253B24 /* Pods-NRContacts.release.xcconfig */ = {isa = PBXFileReference; includeInIndex = 1; lastKnownFileType = text.xcconfig; name = "Pods-NRContacts.release.xcconfig"; path = "Target Support Files/Pods-NRContacts/Pods-NRContacts.release.xcconfig"; sourceTree = "<group>"; };
		8256F4B2B841CD2C04CE878E /* Pods_NRContacts.framework */ = {isa = PBXFileReference; explicitFileType = wrapper.framework; includeInIndex = 0; path = Pods_NRContacts.framework; sourceTree = BUILT_PRODUCTS_DIR; };
		BC26D86527A29CA70020602D /* Extensions.swift */ = {isa = PBXFileReference; lastKnownFileType = sourcecode.swift; path = Extensions.swift; sourceTree = "<group>"; };
		BC26D86827A2DC3B0020602D /* NRButton.swift */ = {isa = PBXFileReference; lastKnownFileType = sourcecode.swift; path = NRButton.swift; sourceTree = "<group>"; };
		BC26D86C27A2E29A0020602D /* NRStackView.swift */ = {isa = PBXFileReference; lastKnownFileType = sourcecode.swift; path = NRStackView.swift; sourceTree = "<group>"; };
		BC26D87127A34FF50020602D /* LocationPopUpViewController.swift */ = {isa = PBXFileReference; lastKnownFileType = sourcecode.swift; path = LocationPopUpViewController.swift; sourceTree = "<group>"; };
		BC38EB4127A1564D0072A510 /* NRContacts.app */ = {isa = PBXFileReference; explicitFileType = wrapper.application; includeInIndex = 0; path = NRContacts.app; sourceTree = BUILT_PRODUCTS_DIR; };
		BC38EB4427A1564D0072A510 /* AppDelegate.swift */ = {isa = PBXFileReference; lastKnownFileType = sourcecode.swift; path = AppDelegate.swift; sourceTree = "<group>"; };
		BC38EB4627A1564D0072A510 /* SceneDelegate.swift */ = {isa = PBXFileReference; lastKnownFileType = sourcecode.swift; path = SceneDelegate.swift; sourceTree = "<group>"; };
		BC38EB4827A1564D0072A510 /* ContactsViewController.swift */ = {isa = PBXFileReference; lastKnownFileType = sourcecode.swift; path = ContactsViewController.swift; sourceTree = "<group>"; };
		BC38EB4D27A156500072A510 /* Assets.xcassets */ = {isa = PBXFileReference; lastKnownFileType = folder.assetcatalog; path = Assets.xcassets; sourceTree = "<group>"; };
		BC38EB5027A156500072A510 /* Base */ = {isa = PBXFileReference; lastKnownFileType = file.storyboard; name = Base; path = Base.lproj/LaunchScreen.storyboard; sourceTree = "<group>"; };
		BC38EB5227A156500072A510 /* Info.plist */ = {isa = PBXFileReference; lastKnownFileType = text.plist.xml; path = Info.plist; sourceTree = "<group>"; };
		BC38EB6027A1C2A70072A510 /* ContactTableViewCell.swift */ = {isa = PBXFileReference; lastKnownFileType = sourcecode.swift; path = ContactTableViewCell.swift; sourceTree = "<group>"; };
		BC38EB6427A1DDBD0072A510 /* NRLabel.swift */ = {isa = PBXFileReference; lastKnownFileType = sourcecode.swift; path = NRLabel.swift; sourceTree = "<group>"; };
		BC38EB6B27A1E73E0072A510 /* NRImageView.swift */ = {isa = PBXFileReference; lastKnownFileType = sourcecode.swift; path = NRImageView.swift; sourceTree = "<group>"; };
		BC38EB6E27A1F1770072A510 /* ContactsViewModel.swift */ = {isa = PBXFileReference; lastKnownFileType = sourcecode.swift; path = ContactsViewModel.swift; sourceTree = "<group>"; };
		BC38EB7327A1F47D0072A510 /* NRNavigationController.swift */ = {isa = PBXFileReference; lastKnownFileType = sourcecode.swift; path = NRNavigationController.swift; sourceTree = "<group>"; };
		BC38EB7627A1F5D20072A510 /* DataManager.swift */ = {isa = PBXFileReference; lastKnownFileType = sourcecode.swift; path = DataManager.swift; sourceTree = "<group>"; };
		BC38EB7927A1F8F30072A510 /* ContactModel.swift */ = {isa = PBXFileReference; lastKnownFileType = sourcecode.swift; path = ContactModel.swift; sourceTree = "<group>"; };
		BC38EB8327A2001F0072A510 /* Constants.swift */ = {isa = PBXFileReference; lastKnownFileType = sourcecode.swift; path = Constants.swift; sourceTree = "<group>"; };
		C9AA549B5D055A0BE1AB581E /* Pods-NRContacts.debug.xcconfig */ = {isa = PBXFileReference; includeInIndex = 1; lastKnownFileType = text.xcconfig; name = "Pods-NRContacts.debug.xcconfig"; path = "Target Support Files/Pods-NRContacts/Pods-NRContacts.debug.xcconfig"; sourceTree = "<group>"; };
/* End PBXFileReference section */

/* Begin PBXFrameworksBuildPhase section */
		BC38EB3E27A1564D0072A510 /* Frameworks */ = {
			isa = PBXFrameworksBuildPhase;
			buildActionMask = 2147483647;
			files = (
				1E31A4A4408FF8449802BE06 /* Pods_NRContacts.framework in Frameworks */,
			);
			runOnlyForDeploymentPostprocessing = 0;
		};
/* End PBXFrameworksBuildPhase section */

/* Begin PBXGroup section */
		0371365C26F1D590D4077532 /* Frameworks */ = {
			isa = PBXGroup;
			children = (
				8256F4B2B841CD2C04CE878E /* Pods_NRContacts.framework */,
			);
			name = Frameworks;
			sourceTree = "<group>";
		};
		6313DAABB6989B7801CA0D95 /* Pods */ = {
			isa = PBXGroup;
			children = (
				C9AA549B5D055A0BE1AB581E /* Pods-NRContacts.debug.xcconfig */,
				639FF6861740837857253B24 /* Pods-NRContacts.release.xcconfig */,
			);
			name = Pods;
			path = Pods;
			sourceTree = "<group>";
		};
		BC26D86F27A34F8D0020602D /* Scenes */ = {
			isa = PBXGroup;
			children = (
				BC26D87027A34F990020602D /* PopUpScene */,
				BC38EB5F27A1C26C0072A510 /* ContactsScene */,
			);
			path = Scenes;
			sourceTree = "<group>";
		};
		BC26D87027A34F990020602D /* PopUpScene */ = {
			isa = PBXGroup;
			children = (
				BC26D87127A34FF50020602D /* LocationPopUpViewController.swift */,
			);
			path = PopUpScene;
			sourceTree = "<group>";
		};
		BC38EB3827A1564D0072A510 = {
			isa = PBXGroup;
			children = (
				BC38EB4327A1564D0072A510 /* NRContacts */,
				BC38EB4227A1564D0072A510 /* Products */,
				6313DAABB6989B7801CA0D95 /* Pods */,
				0371365C26F1D590D4077532 /* Frameworks */,
			);
			sourceTree = "<group>";
		};
		BC38EB4227A1564D0072A510 /* Products */ = {
			isa = PBXGroup;
			children = (
				BC38EB4127A1564D0072A510 /* NRContacts.app */,
			);
			name = Products;
			sourceTree = "<group>";
		};
		BC38EB4327A1564D0072A510 /* NRContacts */ = {
			isa = PBXGroup;
			children = (
				BC26D86F27A34F8D0020602D /* Scenes */,
				BC38EB7127A1F2A50072A510 /* Models */,
				BC38EB5E27A1C06B0072A510 /* DataManager */,
				BC38EB5D27A1C0570072A510 /* SupportingFiles */,
				BC38EB4427A1564D0072A510 /* AppDelegate.swift */,
				BC38EB4627A1564D0072A510 /* SceneDelegate.swift */,
				BC38EB4D27A156500072A510 /* Assets.xcassets */,
				BC38EB4F27A156500072A510 /* LaunchScreen.storyboard */,
				BC38EB5227A156500072A510 /* Info.plist */,
			);
			path = NRContacts;
			sourceTree = "<group>";
		};
		BC38EB5D27A1C0570072A510 /* SupportingFiles */ = {
			isa = PBXGroup;
			children = (
				BC38EB6427A1DDBD0072A510 /* NRLabel.swift */,
				BC38EB6B27A1E73E0072A510 /* NRImageView.swift */,
				BC26D86827A2DC3B0020602D /* NRButton.swift */,
				BC38EB7327A1F47D0072A510 /* NRNavigationController.swift */,
				BC38EB8327A2001F0072A510 /* Constants.swift */,
				BC26D86527A29CA70020602D /* Extensions.swift */,
				BC26D86C27A2E29A0020602D /* NRStackView.swift */,
			);
			path = SupportingFiles;
			sourceTree = "<group>";
		};
		BC38EB5E27A1C06B0072A510 /* DataManager */ = {
			isa = PBXGroup;
			children = (
				BC38EB7627A1F5D20072A510 /* DataManager.swift */,
			);
			path = DataManager;
			sourceTree = "<group>";
		};
		BC38EB5F27A1C26C0072A510 /* ContactsScene */ = {
			isa = PBXGroup;
			children = (
				BC38EB4827A1564D0072A510 /* ContactsViewController.swift */,
				BC38EB6E27A1F1770072A510 /* ContactsViewModel.swift */,
				BC38EB6027A1C2A70072A510 /* ContactTableViewCell.swift */,
			);
			path = ContactsScene;
			sourceTree = "<group>";
		};
		BC38EB7127A1F2A50072A510 /* Models */ = {
			isa = PBXGroup;
			children = (
				BC38EB7927A1F8F30072A510 /* ContactModel.swift */,
			);
			path = Models;
			sourceTree = "<group>";
		};
/* End PBXGroup section */

/* Begin PBXNativeTarget section */
		BC38EB4027A1564D0072A510 /* NRContacts */ = {
			isa = PBXNativeTarget;
			buildConfigurationList = BC38EB5527A156500072A510 /* Build configuration list for PBXNativeTarget "NRContacts" */;
			buildPhases = (
				4E6DE189D5B27E74E7875FEE /* [CP] Check Pods Manifest.lock */,
				BC38EB3D27A1564D0072A510 /* Sources */,
				BC38EB3E27A1564D0072A510 /* Frameworks */,
				BC38EB3F27A1564D0072A510 /* Resources */,
				611716DBEAC9C7AF204A5125 /* [CP] Embed Pods Frameworks */,
			);
			buildRules = (
			);
			dependencies = (
			);
			name = NRContacts;
			productName = NRContacts;
			productReference = BC38EB4127A1564D0072A510 /* NRContacts.app */;
			productType = "com.apple.product-type.application";
		};
/* End PBXNativeTarget section */

/* Begin PBXProject section */
		BC38EB3927A1564D0072A510 /* Project object */ = {
			isa = PBXProject;
			attributes = {
				LastSwiftUpdateCheck = 1240;
				LastUpgradeCheck = 1240;
				TargetAttributes = {
					BC38EB4027A1564D0072A510 = {
						CreatedOnToolsVersion = 12.4;
					};
				};
			};
			buildConfigurationList = BC38EB3C27A1564D0072A510 /* Build configuration list for PBXProject "NRContacts" */;
			compatibilityVersion = "Xcode 9.3";
			developmentRegion = en;
			hasScannedForEncodings = 0;
			knownRegions = (
				en,
				Base,
			);
			mainGroup = BC38EB3827A1564D0072A510;
			productRefGroup = BC38EB4227A1564D0072A510 /* Products */;
			projectDirPath = "";
			projectRoot = "";
			targets = (
				BC38EB4027A1564D0072A510 /* NRContacts */,
			);
		};
/* End PBXProject section */

/* Begin PBXResourcesBuildPhase section */
		BC38EB3F27A1564D0072A510 /* Resources */ = {
			isa = PBXResourcesBuildPhase;
			buildActionMask = 2147483647;
			files = (
				BC38EB5127A156500072A510 /* LaunchScreen.storyboard in Resources */,
				BC38EB4E27A156500072A510 /* Assets.xcassets in Resources */,
			);
			runOnlyForDeploymentPostprocessing = 0;
		};
/* End PBXResourcesBuildPhase section */

/* Begin PBXShellScriptBuildPhase section */
		4E6DE189D5B27E74E7875FEE /* [CP] Check Pods Manifest.lock */ = {
			isa = PBXShellScriptBuildPhase;
			buildActionMask = 2147483647;
			files = (
			);
			inputFileListPaths = (
			);
			inputPaths = (
				"${PODS_PODFILE_DIR_PATH}/Podfile.lock",
				"${PODS_ROOT}/Manifest.lock",
			);
			name = "[CP] Check Pods Manifest.lock";
			outputFileListPaths = (
			);
			outputPaths = (
				"$(DERIVED_FILE_DIR)/Pods-NRContacts-checkManifestLockResult.txt",
			);
			runOnlyForDeploymentPostprocessing = 0;
			shellPath = /bin/sh;
			shellScript = "diff \"${PODS_PODFILE_DIR_PATH}/Podfile.lock\" \"${PODS_ROOT}/Manifest.lock\" > /dev/null\nif [ $? != 0 ] ; then\n    # print error to STDERR\n    echo \"error: The sandbox is not in sync with the Podfile.lock. Run 'pod install' or update your CocoaPods installation.\" >&2\n    exit 1\nfi\n# This output is used by Xcode 'outputs' to avoid re-running this script phase.\necho \"SUCCESS\" > \"${SCRIPT_OUTPUT_FILE_0}\"\n";
			showEnvVarsInLog = 0;
		};
		611716DBEAC9C7AF204A5125 /* [CP] Embed Pods Frameworks */ = {
			isa = PBXShellScriptBuildPhase;
			buildActionMask = 2147483647;
			files = (
			);
			inputFileListPaths = (
				"${PODS_ROOT}/Target Support Files/Pods-NRContacts/Pods-NRContacts-frameworks-${CONFIGURATION}-input-files.xcfilelist",
			);
			name = "[CP] Embed Pods Frameworks";
			outputFileListPaths = (
				"${PODS_ROOT}/Target Support Files/Pods-NRContacts/Pods-NRContacts-frameworks-${CONFIGURATION}-output-files.xcfilelist",
			);
			runOnlyForDeploymentPostprocessing = 0;
			shellPath = /bin/sh;
			shellScript = "\"${PODS_ROOT}/Target Support Files/Pods-NRContacts/Pods-NRContacts-frameworks.sh\"\n";
			showEnvVarsInLog = 0;
		};
/* End PBXShellScriptBuildPhase section */

/* Begin PBXSourcesBuildPhase section */
		BC38EB3D27A1564D0072A510 /* Sources */ = {
			isa = PBXSourcesBuildPhase;
			buildActionMask = 2147483647;
			files = (
				BC38EB6127A1C2A70072A510 /* ContactTableViewCell.swift in Sources */,
				BC38EB4927A1564D0072A510 /* ContactsViewController.swift in Sources */,
				BC26D86927A2DC3B0020602D /* NRButton.swift in Sources */,
				BC26D87227A34FF50020602D /* LocationPopUpViewController.swift in Sources */,
				BC38EB6C27A1E73E0072A510 /* NRImageView.swift in Sources */,
				BC38EB7427A1F47D0072A510 /* NRNavigationController.swift in Sources */,
				BC38EB6F27A1F1770072A510 /* ContactsViewModel.swift in Sources */,
				BC38EB6527A1DDBD0072A510 /* NRLabel.swift in Sources */,
				BC26D86D27A2E29A0020602D /* NRStackView.swift in Sources */,
				BC38EB4527A1564D0072A510 /* AppDelegate.swift in Sources */,
				BC26D86627A29CA70020602D /* Extensions.swift in Sources */,
				BC38EB7727A1F5D20072A510 /* DataManager.swift in Sources */,
				BC38EB7A27A1F8F30072A510 /* ContactModel.swift in Sources */,
				BC38EB4727A1564D0072A510 /* SceneDelegate.swift in Sources */,
				BC38EB8427A2001F0072A510 /* Constants.swift in Sources */,
			);
			runOnlyForDeploymentPostprocessing = 0;
		};
/* End PBXSourcesBuildPhase section */

/* Begin PBXVariantGroup section */
		BC38EB4F27A156500072A510 /* LaunchScreen.storyboard */ = {
			isa = PBXVariantGroup;
			children = (
				BC38EB5027A156500072A510 /* Base */,
			);
			name = LaunchScreen.storyboard;
			sourceTree = "<group>";
		};
/* End PBXVariantGroup section */

/* Begin XCBuildConfiguration section */
		BC38EB5327A156500072A510 /* Debug */ = {
			isa = XCBuildConfiguration;
			buildSettings = {
				ALWAYS_SEARCH_USER_PATHS = NO;
				CLANG_ANALYZER_NONNULL = YES;
				CLANG_ANALYZER_NUMBER_OBJECT_CONVERSION = YES_AGGRESSIVE;
				CLANG_CXX_LANGUAGE_STANDARD = "gnu++14";
				CLANG_CXX_LIBRARY = "libc++";
				CLANG_ENABLE_MODULES = YES;
				CLANG_ENABLE_OBJC_ARC = YES;
				CLANG_ENABLE_OBJC_WEAK = YES;
				CLANG_WARN_BLOCK_CAPTURE_AUTORELEASING = YES;
				CLANG_WARN_BOOL_CONVERSION = YES;
				CLANG_WARN_COMMA = YES;
				CLANG_WARN_CONSTANT_CONVERSION = YES;
				CLANG_WARN_DEPRECATED_OBJC_IMPLEMENTATIONS = YES;
				CLANG_WARN_DIRECT_OBJC_ISA_USAGE = YES_ERROR;
				CLANG_WARN_DOCUMENTATION_COMMENTS = YES;
				CLANG_WARN_EMPTY_BODY = YES;
				CLANG_WARN_ENUM_CONVERSION = YES;
				CLANG_WARN_INFINITE_RECURSION = YES;
				CLANG_WARN_INT_CONVERSION = YES;
				CLANG_WARN_NON_LITERAL_NULL_CONVERSION = YES;
				CLANG_WARN_OBJC_IMPLICIT_RETAIN_SELF = YES;
				CLANG_WARN_OBJC_LITERAL_CONVERSION = YES;
				CLANG_WARN_OBJC_ROOT_CLASS = YES_ERROR;
				CLANG_WARN_QUOTED_INCLUDE_IN_FRAMEWORK_HEADER = YES;
				CLANG_WARN_RANGE_LOOP_ANALYSIS = YES;
				CLANG_WARN_STRICT_PROTOTYPES = YES;
				CLANG_WARN_SUSPICIOUS_MOVE = YES;
				CLANG_WARN_UNGUARDED_AVAILABILITY = YES_AGGRESSIVE;
				CLANG_WARN_UNREACHABLE_CODE = YES;
				CLANG_WARN__DUPLICATE_METHOD_MATCH = YES;
				COPY_PHASE_STRIP = NO;
				DEBUG_INFORMATION_FORMAT = dwarf;
				ENABLE_STRICT_OBJC_MSGSEND = YES;
				ENABLE_TESTABILITY = YES;
				GCC_C_LANGUAGE_STANDARD = gnu11;
				GCC_DYNAMIC_NO_PIC = NO;
				GCC_NO_COMMON_BLOCKS = YES;
				GCC_OPTIMIZATION_LEVEL = 0;
				GCC_PREPROCESSOR_DEFINITIONS = (
					"DEBUG=1",
					"$(inherited)",
				);
				GCC_WARN_64_TO_32_BIT_CONVERSION = YES;
				GCC_WARN_ABOUT_RETURN_TYPE = YES_ERROR;
				GCC_WARN_UNDECLARED_SELECTOR = YES;
				GCC_WARN_UNINITIALIZED_AUTOS = YES_AGGRESSIVE;
				GCC_WARN_UNUSED_FUNCTION = YES;
				GCC_WARN_UNUSED_VARIABLE = YES;
				IPHONEOS_DEPLOYMENT_TARGET = 14.4;
				MTL_ENABLE_DEBUG_INFO = INCLUDE_SOURCE;
				MTL_FAST_MATH = YES;
				ONLY_ACTIVE_ARCH = YES;
				SDKROOT = iphoneos;
				SWIFT_ACTIVE_COMPILATION_CONDITIONS = DEBUG;
				SWIFT_OPTIMIZATION_LEVEL = "-Onone";
			};
			name = Debug;
		};
		BC38EB5427A156500072A510 /* Release */ = {
			isa = XCBuildConfiguration;
			buildSettings = {
				ALWAYS_SEARCH_USER_PATHS = NO;
				CLANG_ANALYZER_NONNULL = YES;
				CLANG_ANALYZER_NUMBER_OBJECT_CONVERSION = YES_AGGRESSIVE;
				CLANG_CXX_LANGUAGE_STANDARD = "gnu++14";
				CLANG_CXX_LIBRARY = "libc++";
				CLANG_ENABLE_MODULES = YES;
				CLANG_ENABLE_OBJC_ARC = YES;
				CLANG_ENABLE_OBJC_WEAK = YES;
				CLANG_WARN_BLOCK_CAPTURE_AUTORELEASING = YES;
				CLANG_WARN_BOOL_CONVERSION = YES;
				CLANG_WARN_COMMA = YES;
				CLANG_WARN_CONSTANT_CONVERSION = YES;
				CLANG_WARN_DEPRECATED_OBJC_IMPLEMENTATIONS = YES;
				CLANG_WARN_DIRECT_OBJC_ISA_USAGE = YES_ERROR;
				CLANG_WARN_DOCUMENTATION_COMMENTS = YES;
				CLANG_WARN_EMPTY_BODY = YES;
				CLANG_WARN_ENUM_CONVERSION = YES;
				CLANG_WARN_INFINITE_RECURSION = YES;
				CLANG_WARN_INT_CONVERSION = YES;
				CLANG_WARN_NON_LITERAL_NULL_CONVERSION = YES;
				CLANG_WARN_OBJC_IMPLICIT_RETAIN_SELF = YES;
				CLANG_WARN_OBJC_LITERAL_CONVERSION = YES;
				CLANG_WARN_OBJC_ROOT_CLASS = YES_ERROR;
				CLANG_WARN_QUOTED_INCLUDE_IN_FRAMEWORK_HEADER = YES;
				CLANG_WARN_RANGE_LOOP_ANALYSIS = YES;
				CLANG_WARN_STRICT_PROTOTYPES = YES;
				CLANG_WARN_SUSPICIOUS_MOVE = YES;
				CLANG_WARN_UNGUARDED_AVAILABILITY = YES_AGGRESSIVE;
				CLANG_WARN_UNREACHABLE_CODE = YES;
				CLANG_WARN__DUPLICATE_METHOD_MATCH = YES;
				COPY_PHASE_STRIP = NO;
				DEBUG_INFORMATION_FORMAT = "dwarf-with-dsym";
				ENABLE_NS_ASSERTIONS = NO;
				ENABLE_STRICT_OBJC_MSGSEND = YES;
				GCC_C_LANGUAGE_STANDARD = gnu11;
				GCC_NO_COMMON_BLOCKS = YES;
				GCC_WARN_64_TO_32_BIT_CONVERSION = YES;
				GCC_WARN_ABOUT_RETURN_TYPE = YES_ERROR;
				GCC_WARN_UNDECLARED_SELECTOR = YES;
				GCC_WARN_UNINITIALIZED_AUTOS = YES_AGGRESSIVE;
				GCC_WARN_UNUSED_FUNCTION = YES;
				GCC_WARN_UNUSED_VARIABLE = YES;
				IPHONEOS_DEPLOYMENT_TARGET = 14.4;
				MTL_ENABLE_DEBUG_INFO = NO;
				MTL_FAST_MATH = YES;
				SDKROOT = iphoneos;
				SWIFT_COMPILATION_MODE = wholemodule;
				SWIFT_OPTIMIZATION_LEVEL = "-O";
				VALIDATE_PRODUCT = YES;
			};
			name = Release;
		};
		BC38EB5627A156500072A510 /* Debug */ = {
			isa = XCBuildConfiguration;
			baseConfigurationReference = C9AA549B5D055A0BE1AB581E /* Pods-NRContacts.debug.xcconfig */;
			buildSettings = {
				ASSETCATALOG_COMPILER_APPICON_NAME = AppIcon;
				ASSETCATALOG_COMPILER_GLOBAL_ACCENT_COLOR_NAME = AccentColor;
				CODE_SIGN_STYLE = Automatic;
				DEVELOPMENT_TEAM = S94WS5979X;
				INFOPLIST_FILE = NRContacts/Info.plist;
				LD_RUNPATH_SEARCH_PATHS = (
					"$(inherited)",
					"@executable_path/Frameworks",
				);
				PRODUCT_BUNDLE_IDENTIFIER = "com.rosicnikola90-gmail.NRContacts.NRContacts";
				PRODUCT_NAME = "$(TARGET_NAME)";
				SWIFT_VERSION = 5.0;
				TARGETED_DEVICE_FAMILY = 1;
			};
			name = Debug;
		};
		BC38EB5727A156500072A510 /* Release */ = {
			isa = XCBuildConfiguration;
			baseConfigurationReference = 639FF6861740837857253B24 /* Pods-NRContacts.release.xcconfig */;
			buildSettings = {
				ASSETCATALOG_COMPILER_APPICON_NAME = AppIcon;
				ASSETCATALOG_COMPILER_GLOBAL_ACCENT_COLOR_NAME = AccentColor;
				CODE_SIGN_STYLE = Automatic;
				DEVELOPMENT_TEAM = S94WS5979X;
				INFOPLIST_FILE = NRContacts/Info.plist;
				LD_RUNPATH_SEARCH_PATHS = (
					"$(inherited)",
					"@executable_path/Frameworks",
				);
				PRODUCT_BUNDLE_IDENTIFIER = "com.rosicnikola90-gmail.NRContacts.NRContacts";
				PRODUCT_NAME = "$(TARGET_NAME)";
				SWIFT_VERSION = 5.0;
				TARGETED_DEVICE_FAMILY = 1;
			};
			name = Release;
		};
/* End XCBuildConfiguration section */

/* Begin XCConfigurationList section */
		BC38EB3C27A1564D0072A510 /* Build configuration list for PBXProject "NRContacts" */ = {
			isa = XCConfigurationList;
			buildConfigurations = (
				BC38EB5327A156500072A510 /* Debug */,
				BC38EB5427A156500072A510 /* Release */,
			);
			defaultConfigurationIsVisible = 0;
			defaultConfigurationName = Release;
		};
		BC38EB5527A156500072A510 /* Build configuration list for PBXNativeTarget "NRContacts" */ = {
			isa = XCConfigurationList;
			buildConfigurations = (
				BC38EB5627A156500072A510 /* Debug */,
				BC38EB5727A156500072A510 /* Release */,
			);
			defaultConfigurationIsVisible = 0;
			defaultConfigurationName = Release;
		};
/* End XCConfigurationList section */
	};
	rootObject = BC38EB3927A1564D0072A510 /* Project object */;
}
